{
  "requires": true,
  "lockfileVersion": 1,
  "dependencies": {
    "primeflex": {
      "version": "2.0.0",
      "resolved": "https://registry.npmjs.org/primeflex/-/primeflex-2.0.0.tgz",
      "integrity": "sha512-t6AG3iRI1rh04uI+9nC4JSlbKfA8PnpRDFtjyqi3rDSLRgdfOuhIiunJbjVQ4alnnCfuQAAbVyde1AKN9QxT/w=="
    }
  }
}
